
Microsoft Visual Studio Solution File, Format Version 12.00
Project("{FAE04EC0-301F-11D3-BF4B-00C04F79EFBC}") = "Command", "Command\Command.csproj", "{F79D4571-15C7-4E7F-8F70-A485D0B391C1}"
EndProject
Project("{FAE04EC0-301F-11D3-BF4B-00C04F79EFBC}") = "Iterator", "Iterator\Iterator.csproj", "{A009CF1F-8FC0-4E48-88F7-96B8B55EBACB}"
EndProject
Global
	GlobalSection(SolutionConfigurationPlatforms) = preSolution
		Debug|Any CPU = Debug|Any CPU
		Release|Any CPU = Release|Any CPU
	EndGlobalSection
	GlobalSection(ProjectConfigurationPlatforms) = postSolution
		{F79D4571-15C7-4E7F-8F70-A485D0B391C1}.Debug|Any CPU.ActiveCfg = Debug|Any CPU
		{F79D4571-15C7-4E7F-8F70-A485D0B391C1}.Debug|Any CPU.Build.0 = Debug|Any CPU
		{F79D4571-15C7-4E7F-8F70-A485D0B391C1}.Release|Any CPU.ActiveCfg = Release|Any CPU
		{F79D4571-15C7-4E7F-8F70-A485D0B391C1}.Release|Any CPU.Build.0 = Release|Any CPU
		{A009CF1F-8FC0-4E48-88F7-96B8B55EBACB}.Debug|Any CPU.ActiveCfg = Debug|Any CPU
		{A009CF1F-8FC0-4E48-88F7-96B8B55EBACB}.Debug|Any CPU.Build.0 = Debug|Any CPU
		{A009CF1F-8FC0-4E48-88F7-96B8B55EBACB}.Release|Any CPU.ActiveCfg = Release|Any CPU
		{A009CF1F-8FC0-4E48-88F7-96B8B55EBACB}.Release|Any CPU.Build.0 = Release|Any CPU
	EndGlobalSection
EndGlobal
